
Microsoft Visual Studio Solution File, Format Version 12.00
# Visual Studio Version 16
VisualStudioVersion = 16.0.30413.136
MinimumVisualStudioVersion = 10.0.40219.1
Project("{FAE04EC0-301F-11D3-BF4B-00C04F79EFBC}") = "Ej15_TablaMultiplicar", "Ej15_TablaMultiplicar\Ej15_TablaMultiplicar.csproj", "{2BAB8992-A869-45ED-B358-315BEF8381EE}"
EndProject
Global
	GlobalSection(SolutionConfigurationPlatforms) = preSolution
		Debug|Any CPU = Debug|Any CPU
		Release|Any CPU = Release|Any CPU
	EndGlobalSection
	GlobalSection(ProjectConfigurationPlatforms) = postSolution
		{2BAB8992-A869-45ED-B358-315BEF8381EE}.Debug|Any CPU.ActiveCfg = Debug|Any CPU
		{2BAB8992-A869-45ED-B358-315BEF8381EE}.Debug|Any CPU.Build.0 = Debug|Any CPU
		{2BAB8992-A869-45ED-B358-315BEF8381EE}.Release|Any CPU.ActiveCfg = Release|Any CPU
		{2BAB8992-A869-45ED-B358-315BEF8381EE}.Release|Any CPU.Build.0 = Release|Any CPU
	EndGlobalSection
	GlobalSection(SolutionProperties) = preSolution
		HideSolutionNode = FALSE
	EndGlobalSection
	GlobalSection(ExtensibilityGlobals) = postSolution
		SolutionGuid = {D2AE6107-6237-4748-A33B-96BBB983F89E}
	EndGlobalSection
EndGlobal
